
Microsoft Visual Studio Solution File, Format Version 12.00
# Visual Studio 2013
VisualStudioVersion = 12.0.31101.0
MinimumVisualStudioVersion = 10.0.40219.1
Project("{FAE04EC0-301F-11D3-BF4B-00C04F79EFBC}") = "BattleShip.ConsoleUI", "BattleShip\BattleShip.ConsoleUI.csproj", "{3FA4BCFC-9E81-4152-AE2B-CE4D4CE1D428}"
EndProject
Project("{FAE04EC0-301F-11D3-BF4B-00C04F79EFBC}") = "BattleShip.GameEngine", "BattleShip.GameEngine\BattleShip.GameEngine.csproj", "{20F14977-18F8-4E6C-AE5A-8F4134951036}"
EndProject
Project("{FAE04EC0-301F-11D3-BF4B-00C04F79EFBC}") = "BattleShip.DesktopUI", "BattleShip.DesktopUI\BattleShip.DesktopUI.csproj", "{1C95163F-D227-4EC0-8B01-25146F066199}"
EndProject
Project("{FAE04EC0-301F-11D3-BF4B-00C04F79EFBC}") = "BattleShip.GameEngineTest", "BattleShip.GameEngine.Test\BattleShip.GameEngineTest.csproj", "{D4EF68A4-77E8-41FD-8C93-51BA29BDF617}"
EndProject
Global
	GlobalSection(SolutionConfigurationPlatforms) = preSolution
		Debug|Any CPU = Debug|Any CPU
		Release|Any CPU = Release|Any CPU
	EndGlobalSection
	GlobalSection(ProjectConfigurationPlatforms) = postSolution
		{3FA4BCFC-9E81-4152-AE2B-CE4D4CE1D428}.Debug|Any CPU.ActiveCfg = Debug|Any CPU
		{3FA4BCFC-9E81-4152-AE2B-CE4D4CE1D428}.Debug|Any CPU.Build.0 = Debug|Any CPU
		{3FA4BCFC-9E81-4152-AE2B-CE4D4CE1D428}.Release|Any CPU.ActiveCfg = Release|Any CPU
		{3FA4BCFC-9E81-4152-AE2B-CE4D4CE1D428}.Release|Any CPU.Build.0 = Release|Any CPU
		{20F14977-18F8-4E6C-AE5A-8F4134951036}.Debug|Any CPU.ActiveCfg = Debug|Any CPU
		{20F14977-18F8-4E6C-AE5A-8F4134951036}.Debug|Any CPU.Build.0 = Debug|Any CPU
		{20F14977-18F8-4E6C-AE5A-8F4134951036}.Release|Any CPU.ActiveCfg = Release|Any CPU
		{20F14977-18F8-4E6C-AE5A-8F4134951036}.Release|Any CPU.Build.0 = Release|Any CPU
		{1C95163F-D227-4EC0-8B01-25146F066199}.Debug|Any CPU.ActiveCfg = Debug|Any CPU
		{1C95163F-D227-4EC0-8B01-25146F066199}.Debug|Any CPU.Build.0 = Debug|Any CPU
		{1C95163F-D227-4EC0-8B01-25146F066199}.Release|Any CPU.ActiveCfg = Release|Any CPU
		{1C95163F-D227-4EC0-8B01-25146F066199}.Release|Any CPU.Build.0 = Release|Any CPU
		{D4EF68A4-77E8-41FD-8C93-51BA29BDF617}.Debug|Any CPU.ActiveCfg = Debug|Any CPU
		{D4EF68A4-77E8-41FD-8C93-51BA29BDF617}.Debug|Any CPU.Build.0 = Debug|Any CPU
		{D4EF68A4-77E8-41FD-8C93-51BA29BDF617}.Release|Any CPU.ActiveCfg = Release|Any CPU
		{D4EF68A4-77E8-41FD-8C93-51BA29BDF617}.Release|Any CPU.Build.0 = Release|Any CPU
	EndGlobalSection
	GlobalSection(SolutionProperties) = preSolution
		HideSolutionNode = FALSE
	EndGlobalSection
EndGlobal
